github.com/gorilla/mux v1.8.0 h1:i40aqfkR1h2SlN9hojwV5ZA91wcXFOvkdNIeFDP5koI=
github.com/gorilla/mux v1.8.0/go.mod h1:DVbg23sWSpFRCP0SfiEN6jmj59UnW/n46BH5rLB71So=
golang.org/x/sys v0.0.0-20201005172224-997123666555 h1:fihtqzYxy4E31W1yUlyRGveTZT1JIP0bmKaDZ2ceKAw=
golang.org/x/sys v0.0.0-20201005172224-997123666555/go.mod h1:h1NjWce9XRLGQEsW7wpKNCjG9DtNlClVuFLEZdDNbEs=
